NeoBundleLock VimClojure 2a17c249571395a7f45523d38cac6a9326ecf8f1
NeoBundleLock accelerated-jk 156c5158b72059404f6b8aaf15b59f87dd0aaa88
NeoBundleLock caw.vim 8a85fa8ff26ea60afd4bf9400cfc2263be127d51
NeoBundleLock ctrlp.vim 46a2986994e9550c198bc106e07a2a56c376696c
NeoBundleLock emmet-vim f4b097af50833964e15f17192f2d1c336e34936e
NeoBundleLock grep.vim 852ddb0c6590bbc41c508d7f5d2fc17112492def
NeoBundleLock indentLine 4b654ecbba5b4835cd9cf3e4ae75b90499a1d6f1
NeoBundleLock lightline.vim 06d0dd33d3cae36ae1c400a1612ce38e409eb2b7
NeoBundleLock molokai c67bdfcdb31415aa0ade7f8c003261700a885476
NeoBundleLock neobundle.vim 9c62a8fcf9eb42d3956c703943c99f06a63112e6
NeoBundleLock neocomplcache 778181767467b8f8016828898779a646074d883a
NeoBundleLock neocomplete.vim bbdb6ce7e75cb035bdf40898fdcc1e9fb6304575
NeoBundleLock neosnippet d373e1451e187318b5da387a50990ebb65e27587
NeoBundleLock neosnippet-snippets 34dec3c984bcae52a871d6d0954030cb23802305
NeoBundleLock neosnippet.vim d373e1451e187318b5da387a50990ebb65e27587
NeoBundleLock nerdtree 29cf96e45b4830a9a2351514fe102bb7a95a27d5
NeoBundleLock nerdtree-git-plugin e71e62fb5ca3e49035a7f2a85c81e5b85b1cf138
NeoBundleLock open-browser.vim e2bfabfc758351ee3087d4c697d1953660d943ee
NeoBundleLock ruby_hl_lvar.vim 609b0739f224e0ae37bd0c28166c828215f01be0
NeoBundleLock syntastic ec8d6de50f41c04e31c04aa86b29e6d16f1fd6b0
NeoBundleLock unite-colorscheme 505157450fe1a967c6c044d3bfe18d896e3d5d08
NeoBundleLock unite.vim db619c208bd0f75f0e5ee3db2ed029cd52020585
NeoBundleLock vim-airline 168b18ff0ada3c1324c2af47e932d61bdf32608b
NeoBundleLock vim-autoclose a9a3b7384657bc1f60a963fd6c08c63fc48d61c3
NeoBundleLock vim-endwise 0067ceda37725d01b7bd5bf249d63b1b5d4e2ab4
NeoBundleLock vim-gitgutter 43e7c1f542032ec5be1b6a0ff4440a5370e9bce3
NeoBundleLock vim-monster 10ba87db4acc557158d4a02e0649e7c5af72b0fc
NeoBundleLock vim-nerdtree-tabs 0decec122e9bb3e9328b01fa20a9650e79cc6ca7
NeoBundleLock vim-quickrun a9a68fb6356aeaf3e5d6193cc448db3c937cb281
NeoBundleLock vim-slime c5d3a3de47d29d606f99d893c01b81ca157e454d
NeoBundleLock vim-textmanip 2c2b23cae19eef5e634fa4a3efdf7081363d65a0
NeoBundleLock vim-trailing-whitespace 733fb64337b6da4a51c85a43450cd620d8b617b5
NeoBundleLock vimfiler.vim f2a2db7437bb1163e8e6b2d002dc063d1e0303ea
NeoBundleLock vimproc 25cb83f24edec4aec1e9f1329302235e7a7a7fe0
NeoBundleLock vimshell 371f0774907713959fedbdb37973a55e60428f42
